// !$*UTF8*$!
{
	archiveVersion = 1;
	classes = {
	};
	objectVersion = 50;
	objects = {

/* Begin PBXBuildFile section */
		04A500032294076A00C909DF /* AllNews.swift in Sources */ = {isa = PBXBuildFile; fileRef = 04A500022294076A00C909DF /* AllNews.swift */; };
		04A5000522958C3500C909DF /* CustomCollectionViewCell.swift in Sources */ = {isa = PBXBuildFile; fileRef = 04A5000422958C3400C909DF /* CustomCollectionViewCell.swift */; };
		04A5000E2297FDD700C909DF /* Spinner.swift in Sources */ = {isa = PBXBuildFile; fileRef = 04A5000D2297FDD700C909DF /* Spinner.swift */; };
		04A500102298008700C909DF /* HourCalculator.swift in Sources */ = {isa = PBXBuildFile; fileRef = 04A5000F2298008700C909DF /* HourCalculator.swift */; };
		04A50012229811B500C909DF /* Reachability.swift in Sources */ = {isa = PBXBuildFile; fileRef = 04A50011229811B500C909DF /* Reachability.swift */; };
		04A500152298153400C909DF /* Data_Model.xcdatamodeld in Sources */ = {isa = PBXBuildFile; fileRef = 04A500132298153400C909DF /* Data_Model.xcdatamodeld */; };
		04A5FFED229322E100C909DF /* AppDelegate.swift in Sources */ = {isa = PBXBuildFile; fileRef = 04A5FFEC229322E100C909DF /* AppDelegate.swift */; };
		04A5FFEF229322E100C909DF /* HomeViewController.swift in Sources */ = {isa = PBXBuildFile; fileRef = 04A5FFEE229322E100C909DF /* HomeViewController.swift */; };
		04A5FFF2229322E100C909DF /* Main.storyboard in Resources */ = {isa = PBXBuildFile; fileRef = 04A5FFF0229322E100C909DF /* Main.storyboard */; };
		04A5FFF4229322E300C909DF /* Assets.xcassets in Resources */ = {isa = PBXBuildFile; fileRef = 04A5FFF3229322E300C909DF /* Assets.xcassets */; };
		04A5FFF7229322E300C909DF /* LaunchScreen.storyboard in Resources */ = {isa = PBXBuildFile; fileRef = 04A5FFF5229322E300C909DF /* LaunchScreen.storyboard */; };
		C66C8F175A63D551134F1117 /* Pods_NewsApp.framework in Frameworks */ = {isa = PBXBuildFile; fileRef = 5F78ED9ED764626928716B42 /* Pods_NewsApp.framework */; };
/* End PBXBuildFile section */

/* Begin PBXFileReference section */
		04A500022294076A00C909DF /* AllNews.swift */ = {isa = PBXFileReference; lastKnownFileType = sourcecode.swift; path = AllNews.swift; sourceTree = "<group>"; };
		04A5000422958C3400C909DF /* CustomCollectionViewCell.swift */ = {isa = PBXFileReference; lastKnownFileType = sourcecode.swift; path = CustomCollectionViewCell.swift; sourceTree = "<group>"; };
		04A5000D2297FDD700C909DF /* Spinner.swift */ = {isa = PBXFileReference; lastKnownFileType = sourcecode.swift; path = Spinner.swift; sourceTree = "<group>"; };
		04A5000F2298008700C909DF /* HourCalculator.swift */ = {isa = PBXFileReference; lastKnownFileType = sourcecode.swift; path = HourCalculator.swift; sourceTree = "<group>"; };
		04A50011229811B500C909DF /* Reachability.swift */ = {isa = PBXFileReference; lastKnownFileType = sourcecode.swift; path = Reachability.swift; sourceTree = "<group>"; };
		04A500142298153400C909DF /* Data_Model.xcdatamodel */ = {isa = PBXFileReference; lastKnownFileType = wrapper.xcdatamodel; path = Data_Model.xcdatamodel; sourceTree = "<group>"; };
		04A5FFE9229322E100C909DF /* NewsApp.app */ = {isa = PBXFileReference; explicitFileType = wrapper.application; includeInIndex = 0; path = NewsApp.app; sourceTree = BUILT_PRODUCTS_DIR; };
		04A5FFEC229322E100C909DF /* AppDelegate.swift */ = {isa = PBXFileReference; lastKnownFileType = sourcecode.swift; path = AppDelegate.swift; sourceTree = "<group>"; };
		04A5FFEE229322E100C909DF /* HomeViewController.swift */ = {isa = PBXFileReference; lastKnownFileType = sourcecode.swift; path = HomeViewController.swift; sourceTree = "<group>"; };
		04A5FFF1229322E100C909DF /* Base */ = {isa = PBXFileReference; lastKnownFileType = file.storyboard; name = Base; path = Base.lproj/Main.storyboard; sourceTree = "<group>"; };
		04A5FFF3229322E300C909DF /* Assets.xcassets */ = {isa = PBXFileReference; lastKnownFileType = folder.assetcatalog; path = Assets.xcassets; sourceTree = "<group>"; };
		04A5FFF6229322E300C909DF /* Base */ = {isa = PBXFileReference; lastKnownFileType = file.storyboard; name = Base; path = Base.lproj/LaunchScreen.storyboard; sourceTree = "<group>"; };
		04A5FFF8229322E300C909DF /* Info.plist */ = {isa = PBXFileReference; lastKnownFileType = text.plist.xml; path = Info.plist; sourceTree = "<group>"; };
		5F78ED9ED764626928716B42 /* Pods_NewsApp.framework */ = {isa = PBXFileReference; explicitFileType = wrapper.framework; includeInIndex = 0; path = Pods_NewsApp.framework; sourceTree = BUILT_PRODUCTS_DIR; };
		8C1C2575AD5D929FBEE2DF65 /* Pods-NewsApp.release.xcconfig */ = {isa = PBXFileReference; includeInIndex = 1; lastKnownFileType = text.xcconfig; name = "Pods-NewsApp.release.xcconfig"; path = "Pods/Target Support Files/Pods-NewsApp/Pods-NewsApp.release.xcconfig"; sourceTree = "<group>"; };
		BD34A9F6CEAE6702E6199465 /* Pods-NewsApp.debug.xcconfig */ = {isa = PBXFileReference; includeInIndex = 1; lastKnownFileType = text.xcconfig; name = "Pods-NewsApp.debug.xcconfig"; path = "Pods/Target Support Files/Pods-NewsApp/Pods-NewsApp.debug.xcconfig"; sourceTree = "<group>"; };
/* End PBXFileReference section */

/* Begin PBXFrameworksBuildPhase section */
		04A5FFE6229322E100C909DF /* Frameworks */ = {
			isa = PBXFrameworksBuildPhase;
			buildActionMask = 2147483647;
			files = (
				C66C8F175A63D551134F1117 /* Pods_NewsApp.framework in Frameworks */,
			);
			runOnlyForDeploymentPostprocessing = 0;
		};
/* End PBXFrameworksBuildPhase section */

/* Begin PBXGroup section */
		04A5000022933EBC00C909DF /* Model */ = {
			isa = PBXGroup;
			children = (
				04A500022294076A00C909DF /* AllNews.swift */,
				04A500132298153400C909DF /* Data_Model.xcdatamodeld */,
			);
			path = Model;
			sourceTree = "<group>";
		};
		04A5000122933ECF00C909DF /* Classes */ = {
			isa = PBXGroup;
			children = (
				04A5FFEC229322E100C909DF /* AppDelegate.swift */,
				04A5000B2297DC2300C909DF /* Controllers */,
				04A500062296D85C00C909DF /* ControllerCells */,
				04A5000C2297DC3B00C909DF /* CustomClasses */,
			);
			path = Classes;
			sourceTree = "<group>";
		};
		04A500062296D85C00C909DF /* ControllerCells */ = {
			isa = PBXGroup;
			children = (
				04A5000422958C3400C909DF /* CustomCollectionViewCell.swift */,
			);
			path = ControllerCells;
			sourceTree = "<group>";
		};
		04A5000B2297DC2300C909DF /* Controllers */ = {
			isa = PBXGroup;
			children = (
				04A5FFEE229322E100C909DF /* HomeViewController.swift */,
			);
			path = Controllers;
			sourceTree = "<group>";
		};
		04A5000C2297DC3B00C909DF /* CustomClasses */ = {
			isa = PBXGroup;
			children = (
				04A5000D2297FDD700C909DF /* Spinner.swift */,
				04A5000F2298008700C909DF /* HourCalculator.swift */,
				04A50011229811B500C909DF /* Reachability.swift */,
			);
			path = CustomClasses;
			sourceTree = "<group>";
		};
		04A5FFE0229322E100C909DF = {
			isa = PBXGroup;
			children = (
				04A5FFEB229322E100C909DF /* NewsApp */,
				04A5FFEA229322E100C909DF /* Products */,
				64AF678ECB004BD65B227384 /* Pods */,
				2F6DAF4DA5D33AED79BC3CE9 /* Frameworks */,
			);
			sourceTree = "<group>";
		};
		04A5FFEA229322E100C909DF /* Products */ = {
			isa = PBXGroup;
			children = (
				04A5FFE9229322E100C909DF /* NewsApp.app */,
			);
			name = Products;
			sourceTree = "<group>";
		};
		04A5FFEB229322E100C909DF /* NewsApp */ = {
			isa = PBXGroup;
			children = (
				04A5000022933EBC00C909DF /* Model */,
				04A5FFFF22933EA600C909DF /* View */,
				04A5000122933ECF00C909DF /* Classes */,
				04A5FFF3229322E300C909DF /* Assets.xcassets */,
				04A5FFF5229322E300C909DF /* LaunchScreen.storyboard */,
				04A5FFF8229322E300C909DF /* Info.plist */,
			);
			path = NewsApp;
			sourceTree = "<group>";
		};
		04A5FFFF22933EA600C909DF /* View */ = {
			isa = PBXGroup;
			children = (
				04A5FFF0229322E100C909DF /* Main.storyboard */,
			);
			path = View;
			sourceTree = "<group>";
		};
		2F6DAF4DA5D33AED79BC3CE9 /* Frameworks */ = {
			isa = PBXGroup;
			children = (
				5F78ED9ED764626928716B42 /* Pods_NewsApp.framework */,
			);
			name = Frameworks;
			sourceTree = "<group>";
		};
		64AF678ECB004BD65B227384 /* Pods */ = {
			isa = PBXGroup;
			children = (
				BD34A9F6CEAE6702E6199465 /* Pods-NewsApp.debug.xcconfig */,
				8C1C2575AD5D929FBEE2DF65 /* Pods-NewsApp.release.xcconfig */,
			);
			name = Pods;
			sourceTree = "<group>";
		};
/* End PBXGroup section */

/* Begin PBXNativeTarget section */
		04A5FFE8229322E100C909DF /* NewsApp */ = {
			isa = PBXNativeTarget;
			buildConfigurationList = 04A5FFFB229322E300C909DF /* Build configuration list for PBXNativeTarget "NewsApp" */;
			buildPhases = (
				A80863740C8BB9010E06E9C5 /* [CP] Check Pods Manifest.lock */,
				04A5FFE5229322E100C909DF /* Sources */,
				04A5FFE6229322E100C909DF /* Frameworks */,
				04A5FFE7229322E100C909DF /* Resources */,
				5B199961626F91D9AE8E8C0C /* [CP] Embed Pods Frameworks */,
			);
			buildRules = (
			);
			dependencies = (
			);
			name = NewsApp;
			productName = NewsApp;
			productReference = 04A5FFE9229322E100C909DF /* NewsApp.app */;
			productType = "com.apple.product-type.application";
		};
/* End PBXNativeTarget section */

/* Begin PBXProject section */
		04A5FFE1229322E100C909DF /* Project object */ = {
			isa = PBXProject;
			attributes = {
				LastSwiftUpdateCheck = 1010;
				LastUpgradeCheck = 1010;
				ORGANIZATIONNAME = Edy;
				TargetAttributes = {
					04A5FFE8229322E100C909DF = {
						CreatedOnToolsVersion = 10.1;
					};
				};
			};
			buildConfigurationList = 04A5FFE4229322E100C909DF /* Build configuration list for PBXProject "NewsApp" */;
			compatibilityVersion = "Xcode 9.3";
			developmentRegion = en;
			hasScannedForEncodings = 0;
			knownRegions = (
				en,
				Base,
			);
			mainGroup = 04A5FFE0229322E100C909DF;
			productRefGroup = 04A5FFEA229322E100C909DF /* Products */;
			projectDirPath = "";
			projectRoot = "";
			targets = (
				04A5FFE8229322E100C909DF /* NewsApp */,
			);
		};
/* End PBXProject section */

/* Begin PBXResourcesBuildPhase section */
		04A5FFE7229322E100C909DF /* Resources */ = {
			isa = PBXResourcesBuildPhase;
			buildActionMask = 2147483647;
			files = (
				04A5FFF7229322E300C909DF /* LaunchScreen.storyboard in Resources */,
				04A5FFF4229322E300C909DF /* Assets.xcassets in Resources */,
				04A5FFF2229322E100C909DF /* Main.storyboard in Resources */,
			);
			runOnlyForDeploymentPostprocessing = 0;
		};
/* End PBXResourcesBuildPhase section */

/* Begin PBXShellScriptBuildPhase section */
		5B199961626F91D9AE8E8C0C /* [CP] Embed Pods Frameworks */ = {
			isa = PBXShellScriptBuildPhase;
			buildActionMask = 2147483647;
			files = (
			);
			inputPaths = (
				"${SRCROOT}/Pods/Target Support Files/Pods-NewsApp/Pods-NewsApp-frameworks.sh",
				"${BUILT_PRODUCTS_DIR}/Alamofire/Alamofire.framework",
				"${BUILT_PRODUCTS_DIR}/SDWebImage/SDWebImage.framework",
				"${BUILT_PRODUCTS_DIR}/SwiftyJSON/SwiftyJSON.framework",
			);
			name = "[CP] Embed Pods Frameworks";
			outputPaths = (
				"${TARGET_BUILD_DIR}/${FRAMEWORKS_FOLDER_PATH}/Alamofire.framework",
				"${TARGET_BUILD_DIR}/${FRAMEWORKS_FOLDER_PATH}/SDWebImage.framework",
				"${TARGET_BUILD_DIR}/${FRAMEWORKS_FOLDER_PATH}/SwiftyJSON.framework",
			);
			runOnlyForDeploymentPostprocessing = 0;
			shellPath = /bin/sh;
			shellScript = "\"${SRCROOT}/Pods/Target Support Files/Pods-NewsApp/Pods-NewsApp-frameworks.sh\"\n";
			showEnvVarsInLog = 0;
		};
		A80863740C8BB9010E06E9C5 /* [CP] Check Pods Manifest.lock */ = {
			isa = PBXShellScriptBuildPhase;
			buildActionMask = 2147483647;
			files = (
			);
			inputPaths = (
				"${PODS_PODFILE_DIR_PATH}/Podfile.lock",
				"${PODS_ROOT}/Manifest.lock",
			);
			name = "[CP] Check Pods Manifest.lock";
			outputPaths = (
				"$(DERIVED_FILE_DIR)/Pods-NewsApp-checkManifestLockResult.txt",
			);
			runOnlyForDeploymentPostprocessing = 0;
			shellPath = /bin/sh;
			shellScript = "diff \"${PODS_PODFILE_DIR_PATH}/Podfile.lock\" \"${PODS_ROOT}/Manifest.lock\" > /dev/null\nif [ $? != 0 ] ; then\n    # print error to STDERR\n    echo \"error: The sandbox is not in sync with the Podfile.lock. Run 'pod install' or update your CocoaPods installation.\" >&2\n    exit 1\nfi\n# This output is used by Xcode 'outputs' to avoid re-running this script phase.\necho \"SUCCESS\" > \"${SCRIPT_OUTPUT_FILE_0}\"\n";
			showEnvVarsInLog = 0;
		};
/* End PBXShellScriptBuildPhase section */

/* Begin PBXSourcesBuildPhase section */
		04A5FFE5229322E100C909DF /* Sources */ = {
			isa = PBXSourcesBuildPhase;
			buildActionMask = 2147483647;
			files = (
				04A50012229811B500C909DF /* Reachability.swift in Sources */,
				04A500152298153400C909DF /* Data_Model.xcdatamodeld in Sources */,
				04A5000E2297FDD700C909DF /* Spinner.swift in Sources */,
				04A500032294076A00C909DF /* AllNews.swift in Sources */,
				04A5FFEF229322E100C909DF /* HomeViewController.swift in Sources */,
				04A5FFED229322E100C909DF /* AppDelegate.swift in Sources */,
				04A500102298008700C909DF /* HourCalculator.swift in Sources */,
				04A5000522958C3500C909DF /* CustomCollectionViewCell.swift in Sources */,
			);
			runOnlyForDeploymentPostprocessing = 0;
		};
/* End PBXSourcesBuildPhase section */

/* Begin PBXVariantGroup section */
		04A5FFF0229322E100C909DF /* Main.storyboard */ = {
			isa = PBXVariantGroup;
			children = (
				04A5FFF1229322E100C909DF /* Base */,
			);
			name = Main.storyboard;
			sourceTree = "<group>";
		};
		04A5FFF5229322E300C909DF /* LaunchScreen.storyboard */ = {
			isa = PBXVariantGroup;
			children = (
				04A5FFF6229322E300C909DF /* Base */,
			);
			name = LaunchScreen.storyboard;
			sourceTree = "<group>";
		};
/* End PBXVariantGroup section */

/* Begin XCBuildConfiguration section */
		04A5FFF9229322E300C909DF /* Debug */ = {
			isa = XCBuildConfiguration;
			buildSettings = {
				ALWAYS_SEARCH_USER_PATHS = NO;
				CLANG_ANALYZER_NONNULL = YES;
				CLANG_ANALYZER_NUMBER_OBJECT_CONVERSION = YES_AGGRESSIVE;
				CLANG_CXX_LANGUAGE_STANDARD = "gnu++14";
				CLANG_CXX_LIBRARY = "libc++";
				CLANG_ENABLE_MODULES = YES;
				CLANG_ENABLE_OBJC_ARC = YES;
				CLANG_ENABLE_OBJC_WEAK = YES;
				CLANG_WARN_BLOCK_CAPTURE_AUTORELEASING = YES;
				CLANG_WARN_BOOL_CONVERSION = YES;
				CLANG_WARN_COMMA = YES;
				CLANG_WARN_CONSTANT_CONVERSION = YES;
				CLANG_WARN_DEPRECATED_OBJC_IMPLEMENTATIONS = YES;
				CLANG_WARN_DIRECT_OBJC_ISA_USAGE = YES_ERROR;
				CLANG_WARN_DOCUMENTATION_COMMENTS = YES;
				CLANG_WARN_EMPTY_BODY = YES;
				CLANG_WARN_ENUM_CONVERSION = YES;
				CLANG_WARN_INFINITE_RECURSION = YES;
				CLANG_WARN_INT_CONVERSION = YES;
				CLANG_WARN_NON_LITERAL_NULL_CONVERSION = YES;
				CLANG_WARN_OBJC_IMPLICIT_RETAIN_SELF = YES;
				CLANG_WARN_OBJC_LITERAL_CONVERSION = YES;
				CLANG_WARN_OBJC_ROOT_CLASS = YES_ERROR;
				CLANG_WARN_RANGE_LOOP_ANALYSIS = YES;
				CLANG_WARN_STRICT_PROTOTYPES = YES;
				CLANG_WARN_SUSPICIOUS_MOVE = YES;
				CLANG_WARN_UNGUARDED_AVAILABILITY = YES_AGGRESSIVE;
				CLANG_WARN_UNREACHABLE_CODE = YES;
				CLANG_WARN__DUPLICATE_METHOD_MATCH = YES;
				CODE_SIGN_IDENTITY = "iPhone Developer";
				COPY_PHASE_STRIP = NO;
				DEBUG_INFORMATION_FORMAT = dwarf;
				ENABLE_STRICT_OBJC_MSGSEND = YES;
				ENABLE_TESTABILITY = YES;
				GCC_C_LANGUAGE_STANDARD = gnu11;
				GCC_DYNAMIC_NO_PIC = NO;
				GCC_NO_COMMON_BLOCKS = YES;
				GCC_OPTIMIZATION_LEVEL = 0;
				GCC_PREPROCESSOR_DEFINITIONS = (
					"DEBUG=1",
					"$(inherited)",
				);
				GCC_WARN_64_TO_32_BIT_CONVERSION = YES;
				GCC_WARN_ABOUT_RETURN_TYPE = YES_ERROR;
				GCC_WARN_UNDECLARED_SELECTOR = YES;
				GCC_WARN_UNINITIALIZED_AUTOS = YES_AGGRESSIVE;
				GCC_WARN_UNUSED_FUNCTION = YES;
				GCC_WARN_UNUSED_VARIABLE = YES;
				IPHONEOS_DEPLOYMENT_TARGET = 12.1;
				MTL_ENABLE_DEBUG_INFO = INCLUDE_SOURCE;
				MTL_FAST_MATH = YES;
				ONLY_ACTIVE_ARCH = YES;
				SDKROOT = iphoneos;
				SWIFT_ACTIVE_COMPILATION_CONDITIONS = DEBUG;
				SWIFT_OPTIMIZATION_LEVEL = "-Onone";
			};
			name = Debug;
		};
		04A5FFFA229322E300C909DF /* Release */ = {
			isa = XCBuildConfiguration;
			buildSettings = {
				ALWAYS_SEARCH_USER_PATHS = NO;
				CLANG_ANALYZER_NONNULL = YES;
				CLANG_ANALYZER_NUMBER_OBJECT_CONVERSION = YES_AGGRESSIVE;
				CLANG_CXX_LANGUAGE_STANDARD = "gnu++14";
				CLANG_CXX_LIBRARY = "libc++";
				CLANG_ENABLE_MODULES = YES;
				CLANG_ENABLE_OBJC_ARC = YES;
				CLANG_ENABLE_OBJC_WEAK = YES;
				CLANG_WARN_BLOCK_CAPTURE_AUTORELEASING = YES;
				CLANG_WARN_BOOL_CONVERSION = YES;
				CLANG_WARN_COMMA = YES;
				CLANG_WARN_CONSTANT_CONVERSION = YES;
				CLANG_WARN_DEPRECATED_OBJC_IMPLEMENTATIONS = YES;
				CLANG_WARN_DIRECT_OBJC_ISA_USAGE = YES_ERROR;
				CLANG_WARN_DOCUMENTATION_COMMENTS = YES;
				CLANG_WARN_EMPTY_BODY = YES;
				CLANG_WARN_ENUM_CONVERSION = YES;
				CLANG_WARN_INFINITE_RECURSION = YES;
				CLANG_WARN_INT_CONVERSION = YES;
				CLANG_WARN_NON_LITERAL_NULL_CONVERSION = YES;
				CLANG_WARN_OBJC_IMPLICIT_RETAIN_SELF = YES;
				CLANG_WARN_OBJC_LITERAL_CONVERSION = YES;
				CLANG_WARN_OBJC_ROOT_CLASS = YES_ERROR;
				CLANG_WARN_RANGE_LOOP_ANALYSIS = YES;
				CLANG_WARN_STRICT_PROTOTYPES = YES;
				CLANG_WARN_SUSPICIOUS_MOVE = YES;
				CLANG_WARN_UNGUARDED_AVAILABILITY = YES_AGGRESSIVE;
				CLANG_WARN_UNREACHABLE_CODE = YES;
				CLANG_WARN__DUPLICATE_METHOD_MATCH = YES;
				CODE_SIGN_IDENTITY = "iPhone Developer";
				COPY_PHASE_STRIP = NO;
				DEBUG_INFORMATION_FORMAT = "dwarf-with-dsym";
				ENABLE_NS_ASSERTIONS = NO;
				ENABLE_STRICT_OBJC_MSGSEND = YES;
				GCC_C_LANGUAGE_STANDARD = gnu11;
				GCC_NO_COMMON_BLOCKS = YES;
				GCC_WARN_64_TO_32_BIT_CONVERSION = YES;
				GCC_WARN_ABOUT_RETURN_TYPE = YES_ERROR;
				GCC_WARN_UNDECLARED_SELECTOR = YES;
				GCC_WARN_UNINITIALIZED_AUTOS = YES_AGGRESSIVE;
				GCC_WARN_UNUSED_FUNCTION = YES;
				GCC_WARN_UNUSED_VARIABLE = YES;
				IPHONEOS_DEPLOYMENT_TARGET = 12.1;
				MTL_ENABLE_DEBUG_INFO = NO;
				MTL_FAST_MATH = YES;
				SDKROOT = iphoneos;
				SWIFT_COMPILATION_MODE = wholemodule;
				SWIFT_OPTIMIZATION_LEVEL = "-O";
				VALIDATE_PRODUCT = YES;
			};
			name = Release;
		};
		04A5FFFC229322E300C909DF /* Debug */ = {
			isa = XCBuildConfiguration;
			baseConfigurationReference = BD34A9F6CEAE6702E6199465 /* Pods-NewsApp.debug.xcconfig */;
			buildSettings = {
				ASSETCATALOG_COMPILER_APPICON_NAME = AppIcon;
				CODE_SIGN_STYLE = Automatic;
				DEVELOPMENT_TEAM = J9QWQLP3S4;
				INFOPLIST_FILE = NewsApp/Info.plist;
				LD_RUNPATH_SEARCH_PATHS = (
					"$(inherited)",
					"@executable_path/Frameworks",
				);
				PRODUCT_BUNDLE_IDENTIFIER = com.NewsApp;
				PRODUCT_NAME = "$(TARGET_NAME)";
				SWIFT_VERSION = 4.2;
				TARGETED_DEVICE_FAMILY = "1,2";
			};
			name = Debug;
		};
		04A5FFFD229322E300C909DF /* Release */ = {
			isa = XCBuildConfiguration;
			baseConfigurationReference = 8C1C2575AD5D929FBEE2DF65 /* Pods-NewsApp.release.xcconfig */;
			buildSettings = {
				ASSETCATALOG_COMPILER_APPICON_NAME = AppIcon;
				CODE_SIGN_STYLE = Automatic;
				DEVELOPMENT_TEAM = J9QWQLP3S4;
				INFOPLIST_FILE = NewsApp/Info.plist;
				LD_RUNPATH_SEARCH_PATHS = (
					"$(inherited)",
					"@executable_path/Frameworks",
				);
				PRODUCT_BUNDLE_IDENTIFIER = com.NewsApp;
				PRODUCT_NAME = "$(TARGET_NAME)";
				SWIFT_VERSION = 4.2;
				TARGETED_DEVICE_FAMILY = "1,2";
			};
			name = Release;
		};
/* End XCBuildConfiguration section */

/* Begin XCConfigurationList section */
		04A5FFE4229322E100C909DF /* Build configuration list for PBXProject "NewsApp" */ = {
			isa = XCConfigurationList;
			buildConfigurations = (
				04A5FFF9229322E300C909DF /* Debug */,
				04A5FFFA229322E300C909DF /* Release */,
			);
			defaultConfigurationIsVisible = 0;
			defaultConfigurationName = Release;
		};
		04A5FFFB229322E300C909DF /* Build configuration list for PBXNativeTarget "NewsApp" */ = {
			isa = XCConfigurationList;
			buildConfigurations = (
				04A5FFFC229322E300C909DF /* Debug */,
				04A5FFFD229322E300C909DF /* Release */,
			);
			defaultConfigurationIsVisible = 0;
			defaultConfigurationName = Release;
		};
/* End XCConfigurationList section */

/* Begin XCVersionGroup section */
		04A500132298153400C909DF /* Data_Model.xcdatamodeld */ = {
			isa = XCVersionGroup;
			children = (
				04A500142298153400C909DF /* Data_Model.xcdatamodel */,
			);
			currentVersion = 04A500142298153400C909DF /* Data_Model.xcdatamodel */;
			path = Data_Model.xcdatamodeld;
			sourceTree = "<group>";
			versionGroupType = wrapper.xcdatamodel;
		};
/* End XCVersionGroup section */
	};
	rootObject = 04A5FFE1229322E100C909DF /* Project object */;
}
